Microsoft Visual Studio Solution File, Format Version 12.00
# Visual Studio 2012
Project("{FAE04EC0-301F-11D3-BF4B-00C04F79EFBC}") = "240501_project_extraction", "240501_project_extraction.csproj", "{6F74AAF0-C8D3-41EB-8A61-FBCA647225BD}"
EndProject
Global
	GlobalSection(SolutionConfigurationPlatforms) = preSolution
	Debug|Any CPU = Debug|Any CPU
	ExportDebug|Any CPU = ExportDebug|Any CPU
	ExportRelease|Any CPU = ExportRelease|Any CPU
	EndGlobalSection
	GlobalSection(ProjectConfigurationPlatforms) = postSolution
		{6F74AAF0-C8D3-41EB-8A61-FBCA647225BD}.Debug|Any CPU.ActiveCfg = Debug|Any CPU
		{6F74AAF0-C8D3-41EB-8A61-FBCA647225BD}.Debug|Any CPU.Build.0 = Debug|Any CPU
		{6F74AAF0-C8D3-41EB-8A61-FBCA647225BD}.ExportDebug|Any CPU.ActiveCfg = ExportDebug|Any CPU
		{6F74AAF0-C8D3-41EB-8A61-FBCA647225BD}.ExportDebug|Any CPU.Build.0 = ExportDebug|Any CPU
		{6F74AAF0-C8D3-41EB-8A61-FBCA647225BD}.ExportRelease|Any CPU.ActiveCfg = ExportRelease|Any CPU
		{6F74AAF0-C8D3-41EB-8A61-FBCA647225BD}.ExportRelease|Any CPU.Build.0 = ExportRelease|Any CPU
	EndGlobalSection
EndGlobal
